
Microsoft Visual Studio Solution File, Format Version 12.00
# Visual Studio Version 17
VisualStudioVersion = 17.14.36310.24 d17.14
MinimumVisualStudioVersion = 10.0.40219.1
Project("{FAE04EC0-301F-11D3-BF4B-00C04F79EFBC}") = "BlogTalks.API", "BlogTalks.API\BlogTalks.API.csproj", "{A3C3F769-8AC5-40FB-A211-CA0E82D7D55B}"
EndProject
Project("{FAE04EC0-301F-11D3-BF4B-00C04F79EFBC}") = "BlogTalks.Domain", "BlogTalks.Domain\BlogTalks.Domain.csproj", "{190B6FD4-961C-4AA9-9562-22FFE56B254A}"
EndProject
Project("{FAE04EC0-301F-11D3-BF4B-00C04F79EFBC}") = "BlogTalks.Infrastructure", "BlogTalks.Infrastructure\BlogTalks.Infrastructure.csproj", "{99C3C66C-E80A-4F03-A47C-0EA626EA7A77}"
EndProject
Project("{FAE04EC0-301F-11D3-BF4B-00C04F79EFBC}") = "BlogTalks.Application", "BlogTalks.Application\BlogTalks.Application.csproj", "{47BB625E-93F7-4F2A-AD11-3052D338C6B4}"
EndProject
Global
	GlobalSection(SolutionConfigurationPlatforms) = preSolution
		Debug|Any CPU = Debug|Any CPU
		Release|Any CPU = Release|Any CPU
	EndGlobalSection
	GlobalSection(ProjectConfigurationPlatforms) = postSolution
		{A3C3F769-8AC5-40FB-A211-CA0E82D7D55B}.Debug|Any CPU.ActiveCfg = Debug|Any CPU
		{A3C3F769-8AC5-40FB-A211-CA0E82D7D55B}.Debug|Any CPU.Build.0 = Debug|Any CPU
		{A3C3F769-8AC5-40FB-A211-CA0E82D7D55B}.Release|Any CPU.ActiveCfg = Release|Any CPU
		{A3C3F769-8AC5-40FB-A211-CA0E82D7D55B}.Release|Any CPU.Build.0 = Release|Any CPU
		{190B6FD4-961C-4AA9-9562-22FFE56B254A}.Debug|Any CPU.ActiveCfg = Debug|Any CPU
		{190B6FD4-961C-4AA9-9562-22FFE56B254A}.Debug|Any CPU.Build.0 = Debug|Any CPU
		{190B6FD4-961C-4AA9-9562-22FFE56B254A}.Release|Any CPU.ActiveCfg = Release|Any CPU
		{190B6FD4-961C-4AA9-9562-22FFE56B254A}.Release|Any CPU.Build.0 = Release|Any CPU
		{99C3C66C-E80A-4F03-A47C-0EA626EA7A77}.Debug|Any CPU.ActiveCfg = Debug|Any CPU
		{99C3C66C-E80A-4F03-A47C-0EA626EA7A77}.Debug|Any CPU.Build.0 = Debug|Any CPU
		{99C3C66C-E80A-4F03-A47C-0EA626EA7A77}.Release|Any CPU.ActiveCfg = Release|Any CPU
		{99C3C66C-E80A-4F03-A47C-0EA626EA7A77}.Release|Any CPU.Build.0 = Release|Any CPU
		{47BB625E-93F7-4F2A-AD11-3052D338C6B4}.Debug|Any CPU.ActiveCfg = Debug|Any CPU
		{47BB625E-93F7-4F2A-AD11-3052D338C6B4}.Debug|Any CPU.Build.0 = Debug|Any CPU
		{47BB625E-93F7-4F2A-AD11-3052D338C6B4}.Release|Any CPU.ActiveCfg = Release|Any CPU
		{47BB625E-93F7-4F2A-AD11-3052D338C6B4}.Release|Any CPU.Build.0 = Release|Any CPU
	EndGlobalSection
	GlobalSection(SolutionProperties) = preSolution
		HideSolutionNode = FALSE
	EndGlobalSection
	GlobalSection(ExtensibilityGlobals) = postSolution
		SolutionGuid = {DC2F82D5-ACDB-4F18-8404-6D62CBB8E30F}
	EndGlobalSection
EndGlobal
